
Microsoft Visual Studio Solution File, Format Version 12.00
# Visual Studio Version 16
VisualStudioVersion = 16.0.29123.88
MinimumVisualStudioVersion = 10.0.40219.1
Project("{8BC9CEB8-8B4A-11D0-8D11-00A0C91BC942}") = "utility", "utility\utility.vcxproj", "{9DBD9374-5B12-40E9-AA1D-14A56894856C}"
EndProject
Project("{8BC9CEB8-8B4A-11D0-8D11-00A0C91BC942}") = "text", "text\text.vcxproj", "{33E38833-5C15-40E9-A044-8BAEB0F09211}"
EndProject
Project("{8BC9CEB8-8B4A-11D0-8D11-00A0C91BC942}") = "log", "log\log.vcxproj", "{826D5F51-9271-4D98-909F-081822F4B893}"
EndProject
Project("{8BC9CEB8-8B4A-11D0-8D11-00A0C91BC942}") = "enum", "enum\enum.vcxproj", "{042EAE2B-5393-48DB-939D-CF2AC861463F}"
EndProject
Project("{8BC9CEB8-8B4A-11D0-8D11-00A0C91BC942}") = "geometry", "geometry\geometry.vcxproj", "{26CD9226-B2CB-4610-8385-F33E11D4219C}"
EndProject
Project("{8BC9CEB8-8B4A-11D0-8D11-00A0C91BC942}") = "math", "math\math.vcxproj", "{497D7F42-287D-4C54-883F-07C1370F7D7E}"
EndProject
Project("{8BC9CEB8-8B4A-11D0-8D11-00A0C91BC942}") = "segment", "segment\segment.vcxproj", "{40F74B85-2D3B-4A73-A86F-0497050CA013}"
EndProject
Project("{8BC9CEB8-8B4A-11D0-8D11-00A0C91BC942}") = "som", "som\som.vcxproj", "{47CD50DF-1AED-4112-8A6F-F91BE57B65F4}"
EndProject
Project("{8BC9CEB8-8B4A-11D0-8D11-00A0C91BC942}") = "uom", "uom\uom.vcxproj", "{6FAA3896-2208-473D-89A5-75C0BCBDC55D}"
EndProject
Project("{8BC9CEB8-8B4A-11D0-8D11-00A0C91BC942}") = "version", "version\version.vcxproj", "{068AB899-3DA8-43CC-9754-EF499E4F0343}"
EndProject
Project("{2150E333-8FDC-42A3-9474-1A3956D46DE8}") = "test", "test", "{D1C76405-289D-45E3-A7B2-8D6407B5AF07}"
EndProject
Project("{8BC9CEB8-8B4A-11D0-8D11-00A0C91BC942}") = "uom_test", "uom_test\uom_test.vcxproj", "{F48A97B3-0775-47B1-BD2E-E47300FDD7D7}"
EndProject
Global
	GlobalSection(SolutionConfigurationPlatforms) = preSolution
		Debug|x64 = Debug|x64
		Debug|x86 = Debug|x86
		Release|x64 = Release|x64
		Release|x86 = Release|x86
		StaticDebug|x64 = StaticDebug|x64
		StaticDebug|x86 = StaticDebug|x86
		StaticDeubug|x64 = StaticDeubug|x64
		StaticDeubug|x86 = StaticDeubug|x86
		StaticRelease|x64 = StaticRelease|x64
		StaticRelease|x86 = StaticRelease|x86
	EndGlobalSection
	GlobalSection(ProjectConfigurationPlatforms) = postSolution
		{9DBD9374-5B12-40E9-AA1D-14A56894856C}.Debug|x64.ActiveCfg = Debug|x64
		{9DBD9374-5B12-40E9-AA1D-14A56894856C}.Debug|x64.Build.0 = Debug|x64
		{9DBD9374-5B12-40E9-AA1D-14A56894856C}.Debug|x86.ActiveCfg = Debug|Win32
		{9DBD9374-5B12-40E9-AA1D-14A56894856C}.Debug|x86.Build.0 = Debug|Win32
		{9DBD9374-5B12-40E9-AA1D-14A56894856C}.Release|x64.ActiveCfg = Release|x64
		{9DBD9374-5B12-40E9-AA1D-14A56894856C}.Release|x64.Build.0 = Release|x64
		{9DBD9374-5B12-40E9-AA1D-14A56894856C}.Release|x86.ActiveCfg = Release|Win32
		{9DBD9374-5B12-40E9-AA1D-14A56894856C}.Release|x86.Build.0 = Release|Win32
		{9DBD9374-5B12-40E9-AA1D-14A56894856C}.StaticDebug|x64.ActiveCfg = StaticDebug|x64
		{9DBD9374-5B12-40E9-AA1D-14A56894856C}.StaticDebug|x64.Build.0 = StaticDebug|x64
		{9DBD9374-5B12-40E9-AA1D-14A56894856C}.StaticDebug|x86.ActiveCfg = StaticDebug|Win32
		{9DBD9374-5B12-40E9-AA1D-14A56894856C}.StaticDebug|x86.Build.0 = StaticDebug|Win32
		{9DBD9374-5B12-40E9-AA1D-14A56894856C}.StaticDeubug|x64.ActiveCfg = StaticDebug|x64
		{9DBD9374-5B12-40E9-AA1D-14A56894856C}.StaticDeubug|x64.Build.0 = StaticDebug|x64
		{9DBD9374-5B12-40E9-AA1D-14A56894856C}.StaticDeubug|x86.ActiveCfg = StaticDebug|Win32
		{9DBD9374-5B12-40E9-AA1D-14A56894856C}.StaticDeubug|x86.Build.0 = StaticDebug|Win32
		{9DBD9374-5B12-40E9-AA1D-14A56894856C}.StaticRelease|x64.ActiveCfg = StaticRelease|x64
		{9DBD9374-5B12-40E9-AA1D-14A56894856C}.StaticRelease|x64.Build.0 = StaticRelease|x64
		{9DBD9374-5B12-40E9-AA1D-14A56894856C}.StaticRelease|x86.ActiveCfg = StaticRelease|Win32
		{9DBD9374-5B12-40E9-AA1D-14A56894856C}.StaticRelease|x86.Build.0 = StaticRelease|Win32
		{33E38833-5C15-40E9-A044-8BAEB0F09211}.Debug|x64.ActiveCfg = Debug|x64
		{33E38833-5C15-40E9-A044-8BAEB0F09211}.Debug|x64.Build.0 = Debug|x64
		{33E38833-5C15-40E9-A044-8BAEB0F09211}.Debug|x86.ActiveCfg = Debug|Win32
		{33E38833-5C15-40E9-A044-8BAEB0F09211}.Debug|x86.Build.0 = Debug|Win32
		{33E38833-5C15-40E9-A044-8BAEB0F09211}.Release|x64.ActiveCfg = Release|x64
		{33E38833-5C15-40E9-A044-8BAEB0F09211}.Release|x64.Build.0 = Release|x64
		{33E38833-5C15-40E9-A044-8BAEB0F09211}.Release|x86.ActiveCfg = Release|Win32
		{33E38833-5C15-40E9-A044-8BAEB0F09211}.Release|x86.Build.0 = Release|Win32
		{33E38833-5C15-40E9-A044-8BAEB0F09211}.StaticDebug|x64.ActiveCfg = StaticDebug|x64
		{33E38833-5C15-40E9-A044-8BAEB0F09211}.StaticDebug|x64.Build.0 = StaticDebug|x64
		{33E38833-5C15-40E9-A044-8BAEB0F09211}.StaticDebug|x86.ActiveCfg = StaticDebug|Win32
		{33E38833-5C15-40E9-A044-8BAEB0F09211}.StaticDebug|x86.Build.0 = StaticDebug|Win32
		{33E38833-5C15-40E9-A044-8BAEB0F09211}.StaticDeubug|x64.ActiveCfg = StaticDebug|x64
		{33E38833-5C15-40E9-A044-8BAEB0F09211}.StaticDeubug|x64.Build.0 = StaticDebug|x64
		{33E38833-5C15-40E9-A044-8BAEB0F09211}.StaticDeubug|x86.ActiveCfg = StaticDebug|Win32
		{33E38833-5C15-40E9-A044-8BAEB0F09211}.StaticDeubug|x86.Build.0 = StaticDebug|Win32
		{33E38833-5C15-40E9-A044-8BAEB0F09211}.StaticRelease|x64.ActiveCfg = StaticRelease|x64
		{33E38833-5C15-40E9-A044-8BAEB0F09211}.StaticRelease|x64.Build.0 = StaticRelease|x64
		{33E38833-5C15-40E9-A044-8BAEB0F09211}.StaticRelease|x86.ActiveCfg = StaticRelease|Win32
		{33E38833-5C15-40E9-A044-8BAEB0F09211}.StaticRelease|x86.Build.0 = StaticRelease|Win32
		{826D5F51-9271-4D98-909F-081822F4B893}.Debug|x64.ActiveCfg = Debug|x64
		{826D5F51-9271-4D98-909F-081822F4B893}.Debug|x64.Build.0 = Debug|x64
		{826D5F51-9271-4D98-909F-081822F4B893}.Debug|x86.ActiveCfg = Debug|Win32
		{826D5F51-9271-4D98-909F-081822F4B893}.Debug|x86.Build.0 = Debug|Win32
		{826D5F51-9271-4D98-909F-081822F4B893}.Release|x64.ActiveCfg = Release|x64
		{826D5F51-9271-4D98-909F-081822F4B893}.Release|x64.Build.0 = Release|x64
		{826D5F51-9271-4D98-909F-081822F4B893}.Release|x86.ActiveCfg = Release|Win32
		{826D5F51-9271-4D98-909F-081822F4B893}.Release|x86.Build.0 = Release|Win32
		{826D5F51-9271-4D98-909F-081822F4B893}.StaticDebug|x64.ActiveCfg = StaticDebug|x64
		{826D5F51-9271-4D98-909F-081822F4B893}.StaticDebug|x64.Build.0 = StaticDebug|x64
		{826D5F51-9271-4D98-909F-081822F4B893}.StaticDebug|x86.ActiveCfg = StaticDebug|Win32
		{826D5F51-9271-4D98-909F-081822F4B893}.StaticDebug|x86.Build.0 = StaticDebug|Win32
		{826D5F51-9271-4D98-909F-081822F4B893}.StaticDeubug|x64.ActiveCfg = StaticDebug|x64
		{826D5F51-9271-4D98-909F-081822F4B893}.StaticDeubug|x64.Build.0 = StaticDebug|x64
		{826D5F51-9271-4D98-909F-081822F4B893}.StaticDeubug|x86.ActiveCfg = StaticDebug|Win32
		{826D5F51-9271-4D98-909F-081822F4B893}.StaticDeubug|x86.Build.0 = StaticDebug|Win32
		{826D5F51-9271-4D98-909F-081822F4B893}.StaticRelease|x64.ActiveCfg = StaticRelease|x64
		{826D5F51-9271-4D98-909F-081822F4B893}.StaticRelease|x64.Build.0 = StaticRelease|x64
		{826D5F51-9271-4D98-909F-081822F4B893}.StaticRelease|x86.ActiveCfg = StaticRelease|Win32
		{826D5F51-9271-4D98-909F-081822F4B893}.StaticRelease|x86.Build.0 = StaticRelease|Win32
		{042EAE2B-5393-48DB-939D-CF2AC861463F}.Debug|x64.ActiveCfg = Debug|x64
		{042EAE2B-5393-48DB-939D-CF2AC861463F}.Debug|x64.Build.0 = Debug|x64
		{042EAE2B-5393-48DB-939D-CF2AC861463F}.Debug|x86.ActiveCfg = Debug|Win32
		{042EAE2B-5393-48DB-939D-CF2AC861463F}.Debug|x86.Build.0 = Debug|Win32
		{042EAE2B-5393-48DB-939D-CF2AC861463F}.Release|x64.ActiveCfg = Release|x64
		{042EAE2B-5393-48DB-939D-CF2AC861463F}.Release|x64.Build.0 = Release|x64
		{042EAE2B-5393-48DB-939D-CF2AC861463F}.Release|x86.ActiveCfg = Release|Win32
		{042EAE2B-5393-48DB-939D-CF2AC861463F}.Release|x86.Build.0 = Release|Win32
		{042EAE2B-5393-48DB-939D-CF2AC861463F}.StaticDebug|x64.ActiveCfg = StaticDebug|x64
		{042EAE2B-5393-48DB-939D-CF2AC861463F}.StaticDebug|x64.Build.0 = StaticDebug|x64
		{042EAE2B-5393-48DB-939D-CF2AC861463F}.StaticDebug|x86.ActiveCfg = StaticDebug|Win32
		{042EAE2B-5393-48DB-939D-CF2AC861463F}.StaticDebug|x86.Build.0 = StaticDebug|Win32
		{042EAE2B-5393-48DB-939D-CF2AC861463F}.StaticDeubug|x64.ActiveCfg = StaticDebug|x64
		{042EAE2B-5393-48DB-939D-CF2AC861463F}.StaticDeubug|x64.Build.0 = StaticDebug|x64
		{042EAE2B-5393-48DB-939D-CF2AC861463F}.StaticDeubug|x86.ActiveCfg = StaticDebug|Win32
		{042EAE2B-5393-48DB-939D-CF2AC861463F}.StaticDeubug|x86.Build.0 = StaticDebug|Win32
		{042EAE2B-5393-48DB-939D-CF2AC861463F}.StaticRelease|x64.ActiveCfg = StaticRelease|x64
		{042EAE2B-5393-48DB-939D-CF2AC861463F}.StaticRelease|x64.Build.0 = StaticRelease|x64
		{042EAE2B-5393-48DB-939D-CF2AC861463F}.StaticRelease|x86.ActiveCfg = StaticRelease|Win32
		{042EAE2B-5393-48DB-939D-CF2AC861463F}.StaticRelease|x86.Build.0 = StaticRelease|Win32
		{26CD9226-B2CB-4610-8385-F33E11D4219C}.Debug|x64.ActiveCfg = Debug|x64
		{26CD9226-B2CB-4610-8385-F33E11D4219C}.Debug|x64.Build.0 = Debug|x64
		{26CD9226-B2CB-4610-8385-F33E11D4219C}.Debug|x86.ActiveCfg = Debug|Win32
		{26CD9226-B2CB-4610-8385-F33E11D4219C}.Debug|x86.Build.0 = Debug|Win32
		{26CD9226-B2CB-4610-8385-F33E11D4219C}.Release|x64.ActiveCfg = Release|x64
		{26CD9226-B2CB-4610-8385-F33E11D4219C}.Release|x64.Build.0 = Release|x64
		{26CD9226-B2CB-4610-8385-F33E11D4219C}.Release|x86.ActiveCfg = Release|Win32
		{26CD9226-B2CB-4610-8385-F33E11D4219C}.Release|x86.Build.0 = Release|Win32
		{26CD9226-B2CB-4610-8385-F33E11D4219C}.StaticDebug|x64.ActiveCfg = StaticDebug|x64
		{26CD9226-B2CB-4610-8385-F33E11D4219C}.StaticDebug|x64.Build.0 = StaticDebug|x64
		{26CD9226-B2CB-4610-8385-F33E11D4219C}.StaticDebug|x86.ActiveCfg = StaticDebug|Win32
		{26CD9226-B2CB-4610-8385-F33E11D4219C}.StaticDebug|x86.Build.0 = StaticDebug|Win32
		{26CD9226-B2CB-4610-8385-F33E11D4219C}.StaticDeubug|x64.ActiveCfg = StaticDebug|x64
		{26CD9226-B2CB-4610-8385-F33E11D4219C}.StaticDeubug|x64.Build.0 = StaticDebug|x64
		{26CD9226-B2CB-4610-8385-F33E11D4219C}.StaticDeubug|x86.ActiveCfg = StaticDebug|Win32
		{26CD9226-B2CB-4610-8385-F33E11D4219C}.StaticDeubug|x86.Build.0 = StaticDebug|Win32
		{26CD9226-B2CB-4610-8385-F33E11D4219C}.StaticRelease|x64.ActiveCfg = StaticRelease|x64
		{26CD9226-B2CB-4610-8385-F33E11D4219C}.StaticRelease|x64.Build.0 = StaticRelease|x64
		{26CD9226-B2CB-4610-8385-F33E11D4219C}.StaticRelease|x86.ActiveCfg = StaticRelease|Win32
		{26CD9226-B2CB-4610-8385-F33E11D4219C}.StaticRelease|x86.Build.0 = StaticRelease|Win32
		{497D7F42-287D-4C54-883F-07C1370F7D7E}.Debug|x64.ActiveCfg = Debug|x64
		{497D7F42-287D-4C54-883F-07C1370F7D7E}.Debug|x64.Build.0 = Debug|x64
		{497D7F42-287D-4C54-883F-07C1370F7D7E}.Debug|x86.ActiveCfg = Debug|Win32
		{497D7F42-287D-4C54-883F-07C1370F7D7E}.Debug|x86.Build.0 = Debug|Win32
		{497D7F42-287D-4C54-883F-07C1370F7D7E}.Release|x64.ActiveCfg = Release|x64
		{497D7F42-287D-4C54-883F-07C1370F7D7E}.Release|x64.Build.0 = Release|x64
		{497D7F42-287D-4C54-883F-07C1370F7D7E}.Release|x86.ActiveCfg = Release|Win32
		{497D7F42-287D-4C54-883F-07C1370F7D7E}.Release|x86.Build.0 = Release|Win32
		{497D7F42-287D-4C54-883F-07C1370F7D7E}.StaticDebug|x64.ActiveCfg = StaticDeubug|x64
		{497D7F42-287D-4C54-883F-07C1370F7D7E}.StaticDebug|x64.Build.0 = StaticDeubug|x64
		{497D7F42-287D-4C54-883F-07C1370F7D7E}.StaticDebug|x86.ActiveCfg = StaticDeubug|Win32
		{497D7F42-287D-4C54-883F-07C1370F7D7E}.StaticDebug|x86.Build.0 = StaticDeubug|Win32
		{497D7F42-287D-4C54-883F-07C1370F7D7E}.StaticDeubug|x64.ActiveCfg = StaticDeubug|x64
		{497D7F42-287D-4C54-883F-07C1370F7D7E}.StaticDeubug|x64.Build.0 = StaticDeubug|x64
		{497D7F42-287D-4C54-883F-07C1370F7D7E}.StaticDeubug|x86.ActiveCfg = StaticDeubug|Win32
		{497D7F42-287D-4C54-883F-07C1370F7D7E}.StaticDeubug|x86.Build.0 = StaticDeubug|Win32
		{497D7F42-287D-4C54-883F-07C1370F7D7E}.StaticRelease|x64.ActiveCfg = StaticRelease|x64
		{497D7F42-287D-4C54-883F-07C1370F7D7E}.StaticRelease|x64.Build.0 = StaticRelease|x64
		{497D7F42-287D-4C54-883F-07C1370F7D7E}.StaticRelease|x86.ActiveCfg = StaticRelease|Win32
		{497D7F42-287D-4C54-883F-07C1370F7D7E}.StaticRelease|x86.Build.0 = StaticRelease|Win32
		{40F74B85-2D3B-4A73-A86F-0497050CA013}.Debug|x64.ActiveCfg = Debug|x64
		{40F74B85-2D3B-4A73-A86F-0497050CA013}.Debug|x64.Build.0 = Debug|x64
		{40F74B85-2D3B-4A73-A86F-0497050CA013}.Debug|x86.ActiveCfg = Debug|Win32
		{40F74B85-2D3B-4A73-A86F-0497050CA013}.Debug|x86.Build.0 = Debug|Win32
		{40F74B85-2D3B-4A73-A86F-0497050CA013}.Release|x64.ActiveCfg = Release|x64
		{40F74B85-2D3B-4A73-A86F-0497050CA013}.Release|x64.Build.0 = Release|x64
		{40F74B85-2D3B-4A73-A86F-0497050CA013}.Release|x86.ActiveCfg = Release|Win32
		{40F74B85-2D3B-4A73-A86F-0497050CA013}.Release|x86.Build.0 = Release|Win32
		{40F74B85-2D3B-4A73-A86F-0497050CA013}.StaticDebug|x64.ActiveCfg = StaticDebug|x64
		{40F74B85-2D3B-4A73-A86F-0497050CA013}.StaticDebug|x64.Build.0 = StaticDebug|x64
		{40F74B85-2D3B-4A73-A86F-0497050CA013}.StaticDebug|x86.ActiveCfg = StaticDebug|Win32
		{40F74B85-2D3B-4A73-A86F-0497050CA013}.StaticDebug|x86.Build.0 = StaticDebug|Win32
		{40F74B85-2D3B-4A73-A86F-0497050CA013}.StaticDeubug|x64.ActiveCfg = StaticDebug|x64
		{40F74B85-2D3B-4A73-A86F-0497050CA013}.StaticDeubug|x64.Build.0 = StaticDebug|x64
		{40F74B85-2D3B-4A73-A86F-0497050CA013}.StaticDeubug|x86.ActiveCfg = StaticDebug|Win32
		{40F74B85-2D3B-4A73-A86F-0497050CA013}.StaticDeubug|x86.Build.0 = StaticDebug|Win32
		{40F74B85-2D3B-4A73-A86F-0497050CA013}.StaticRelease|x64.ActiveCfg = StaticRelease|x64
		{40F74B85-2D3B-4A73-A86F-0497050CA013}.StaticRelease|x64.Build.0 = StaticRelease|x64
		{40F74B85-2D3B-4A73-A86F-0497050CA013}.StaticRelease|x86.ActiveCfg = StaticRelease|Win32
		{40F74B85-2D3B-4A73-A86F-0497050CA013}.StaticRelease|x86.Build.0 = StaticRelease|Win32
		{47CD50DF-1AED-4112-8A6F-F91BE57B65F4}.Debug|x64.ActiveCfg = Debug|x64
		{47CD50DF-1AED-4112-8A6F-F91BE57B65F4}.Debug|x64.Build.0 = Debug|x64
		{47CD50DF-1AED-4112-8A6F-F91BE57B65F4}.Debug|x86.ActiveCfg = Debug|Win32
		{47CD50DF-1AED-4112-8A6F-F91BE57B65F4}.Debug|x86.Build.0 = Debug|Win32
		{47CD50DF-1AED-4112-8A6F-F91BE57B65F4}.Release|x64.ActiveCfg = Release|x64
		{47CD50DF-1AED-4112-8A6F-F91BE57B65F4}.Release|x64.Build.0 = Release|x64
		{47CD50DF-1AED-4112-8A6F-F91BE57B65F4}.Release|x86.ActiveCfg = Release|Win32
		{47CD50DF-1AED-4112-8A6F-F91BE57B65F4}.Release|x86.Build.0 = Release|Win32
		{47CD50DF-1AED-4112-8A6F-F91BE57B65F4}.StaticDebug|x64.ActiveCfg = StaticDebug|x64
		{47CD50DF-1AED-4112-8A6F-F91BE57B65F4}.StaticDebug|x64.Build.0 = StaticDebug|x64
		{47CD50DF-1AED-4112-8A6F-F91BE57B65F4}.StaticDebug|x86.ActiveCfg = StaticDebug|Win32
		{47CD50DF-1AED-4112-8A6F-F91BE57B65F4}.StaticDebug|x86.Build.0 = StaticDebug|Win32
		{47CD50DF-1AED-4112-8A6F-F91BE57B65F4}.StaticDeubug|x64.ActiveCfg = StaticDebug|x64
		{47CD50DF-1AED-4112-8A6F-F91BE57B65F4}.StaticDeubug|x64.Build.0 = StaticDebug|x64
		{47CD50DF-1AED-4112-8A6F-F91BE57B65F4}.StaticDeubug|x86.ActiveCfg = StaticDebug|Win32
		{47CD50DF-1AED-4112-8A6F-F91BE57B65F4}.StaticDeubug|x86.Build.0 = StaticDebug|Win32
		{47CD50DF-1AED-4112-8A6F-F91BE57B65F4}.StaticRelease|x64.ActiveCfg = StaticRelease|x64
		{47CD50DF-1AED-4112-8A6F-F91BE57B65F4}.StaticRelease|x64.Build.0 = StaticRelease|x64
		{47CD50DF-1AED-4112-8A6F-F91BE57B65F4}.StaticRelease|x86.ActiveCfg = StaticRelease|Win32
		{47CD50DF-1AED-4112-8A6F-F91BE57B65F4}.StaticRelease|x86.Build.0 = StaticRelease|Win32
		{6FAA3896-2208-473D-89A5-75C0BCBDC55D}.Debug|x64.ActiveCfg = Debug|x64
		{6FAA3896-2208-473D-89A5-75C0BCBDC55D}.Debug|x64.Build.0 = Debug|x64
		{6FAA3896-2208-473D-89A5-75C0BCBDC55D}.Debug|x86.ActiveCfg = Debug|Win32
		{6FAA3896-2208-473D-89A5-75C0BCBDC55D}.Debug|x86.Build.0 = Debug|Win32
		{6FAA3896-2208-473D-89A5-75C0BCBDC55D}.Release|x64.ActiveCfg = Release|x64
		{6FAA3896-2208-473D-89A5-75C0BCBDC55D}.Release|x64.Build.0 = Release|x64
		{6FAA3896-2208-473D-89A5-75C0BCBDC55D}.Release|x86.ActiveCfg = Release|Win32
		{6FAA3896-2208-473D-89A5-75C0BCBDC55D}.Release|x86.Build.0 = Release|Win32
		{6FAA3896-2208-473D-89A5-75C0BCBDC55D}.StaticDebug|x64.ActiveCfg = StaticDebug|x64
		{6FAA3896-2208-473D-89A5-75C0BCBDC55D}.StaticDebug|x64.Build.0 = StaticDebug|x64
		{6FAA3896-2208-473D-89A5-75C0BCBDC55D}.StaticDebug|x86.ActiveCfg = StaticDebug|Win32
		{6FAA3896-2208-473D-89A5-75C0BCBDC55D}.StaticDebug|x86.Build.0 = StaticDebug|Win32
		{6FAA3896-2208-473D-89A5-75C0BCBDC55D}.StaticDeubug|x64.ActiveCfg = StaticDebug|x64
		{6FAA3896-2208-473D-89A5-75C0BCBDC55D}.StaticDeubug|x64.Build.0 = StaticDebug|x64
		{6FAA3896-2208-473D-89A5-75C0BCBDC55D}.StaticDeubug|x86.ActiveCfg = StaticDebug|Win32
		{6FAA3896-2208-473D-89A5-75C0BCBDC55D}.StaticDeubug|x86.Build.0 = StaticDebug|Win32
		{6FAA3896-2208-473D-89A5-75C0BCBDC55D}.StaticRelease|x64.ActiveCfg = StaticRelease|x64
		{6FAA3896-2208-473D-89A5-75C0BCBDC55D}.StaticRelease|x64.Build.0 = StaticRelease|x64
		{6FAA3896-2208-473D-89A5-75C0BCBDC55D}.StaticRelease|x86.ActiveCfg = StaticRelease|Win32
		{6FAA3896-2208-473D-89A5-75C0BCBDC55D}.StaticRelease|x86.Build.0 = StaticRelease|Win32
		{068AB899-3DA8-43CC-9754-EF499E4F0343}.Debug|x64.ActiveCfg = Debug|x64
		{068AB899-3DA8-43CC-9754-EF499E4F0343}.Debug|x64.Build.0 = Debug|x64
		{068AB899-3DA8-43CC-9754-EF499E4F0343}.Debug|x86.ActiveCfg = Debug|Win32
		{068AB899-3DA8-43CC-9754-EF499E4F0343}.Debug|x86.Build.0 = Debug|Win32
		{068AB899-3DA8-43CC-9754-EF499E4F0343}.Release|x64.ActiveCfg = Release|x64
		{068AB899-3DA8-43CC-9754-EF499E4F0343}.Release|x64.Build.0 = Release|x64
		{068AB899-3DA8-43CC-9754-EF499E4F0343}.Release|x86.ActiveCfg = Release|Win32
		{068AB899-3DA8-43CC-9754-EF499E4F0343}.Release|x86.Build.0 = Release|Win32
		{068AB899-3DA8-43CC-9754-EF499E4F0343}.StaticDebug|x64.ActiveCfg = StaticDebug|x64
		{068AB899-3DA8-43CC-9754-EF499E4F0343}.StaticDebug|x64.Build.0 = StaticDebug|x64
		{068AB899-3DA8-43CC-9754-EF499E4F0343}.StaticDebug|x86.ActiveCfg = StaticDebug|Win32
		{068AB899-3DA8-43CC-9754-EF499E4F0343}.StaticDebug|x86.Build.0 = StaticDebug|Win32
		{068AB899-3DA8-43CC-9754-EF499E4F0343}.StaticDeubug|x64.ActiveCfg = StaticDebug|x64
		{068AB899-3DA8-43CC-9754-EF499E4F0343}.StaticDeubug|x64.Build.0 = StaticDebug|x64
		{068AB899-3DA8-43CC-9754-EF499E4F0343}.StaticDeubug|x86.ActiveCfg = StaticDebug|Win32
		{068AB899-3DA8-43CC-9754-EF499E4F0343}.StaticDeubug|x86.Build.0 = StaticDebug|Win32
		{068AB899-3DA8-43CC-9754-EF499E4F0343}.StaticRelease|x64.ActiveCfg = StaticRelease|x64
		{068AB899-3DA8-43CC-9754-EF499E4F0343}.StaticRelease|x64.Build.0 = StaticRelease|x64
		{068AB899-3DA8-43CC-9754-EF499E4F0343}.StaticRelease|x86.ActiveCfg = StaticRelease|Win32
		{068AB899-3DA8-43CC-9754-EF499E4F0343}.StaticRelease|x86.Build.0 = StaticRelease|Win32
		{F48A97B3-0775-47B1-BD2E-E47300FDD7D7}.Debug|x64.ActiveCfg = Debug|x64
		{F48A97B3-0775-47B1-BD2E-E47300FDD7D7}.Debug|x64.Build.0 = Debug|x64
		{F48A97B3-0775-47B1-BD2E-E47300FDD7D7}.Debug|x86.ActiveCfg = Debug|Win32
		{F48A97B3-0775-47B1-BD2E-E47300FDD7D7}.Debug|x86.Build.0 = Debug|Win32
		{F48A97B3-0775-47B1-BD2E-E47300FDD7D7}.Release|x64.ActiveCfg = Release|x64
		{F48A97B3-0775-47B1-BD2E-E47300FDD7D7}.Release|x64.Build.0 = Release|x64
		{F48A97B3-0775-47B1-BD2E-E47300FDD7D7}.Release|x86.ActiveCfg = Release|Win32
		{F48A97B3-0775-47B1-BD2E-E47300FDD7D7}.Release|x86.Build.0 = Release|Win32
		{F48A97B3-0775-47B1-BD2E-E47300FDD7D7}.StaticDebug|x64.ActiveCfg = Debug|x64
		{F48A97B3-0775-47B1-BD2E-E47300FDD7D7}.StaticDebug|x64.Build.0 = Debug|x64
		{F48A97B3-0775-47B1-BD2E-E47300FDD7D7}.StaticDebug|x86.ActiveCfg = Debug|Win32
		{F48A97B3-0775-47B1-BD2E-E47300FDD7D7}.StaticDebug|x86.Build.0 = Debug|Win32
		{F48A97B3-0775-47B1-BD2E-E47300FDD7D7}.StaticDeubug|x64.ActiveCfg = Release|x64
		{F48A97B3-0775-47B1-BD2E-E47300FDD7D7}.StaticDeubug|x64.Build.0 = Release|x64
		{F48A97B3-0775-47B1-BD2E-E47300FDD7D7}.StaticDeubug|x86.ActiveCfg = Release|Win32
		{F48A97B3-0775-47B1-BD2E-E47300FDD7D7}.StaticDeubug|x86.Build.0 = Release|Win32
		{F48A97B3-0775-47B1-BD2E-E47300FDD7D7}.StaticRelease|x64.ActiveCfg = Release|x64
		{F48A97B3-0775-47B1-BD2E-E47300FDD7D7}.StaticRelease|x64.Build.0 = Release|x64
		{F48A97B3-0775-47B1-BD2E-E47300FDD7D7}.StaticRelease|x86.ActiveCfg = Release|Win32
		{F48A97B3-0775-47B1-BD2E-E47300FDD7D7}.StaticRelease|x86.Build.0 = Release|Win32
	EndGlobalSection
	GlobalSection(SolutionProperties) = preSolution
		HideSolutionNode = FALSE
	EndGlobalSection
	GlobalSection(NestedProjects) = preSolution
		{F48A97B3-0775-47B1-BD2E-E47300FDD7D7} = {D1C76405-289D-45E3-A7B2-8D6407B5AF07}
	EndGlobalSection
	GlobalSection(ExtensibilityGlobals) = postSolution
		SolutionGuid = {4F961205-1B6E-4BC7-98C2-A9F4715195BF}
	EndGlobalSection
EndGlobal
