<?xml version="1.0" encoding="utf-8"?>
<Project ToolsVersion="4.0" xmlns="http://schemas.microsoft.com/developer/msbuild/2003">
  <ItemGroup>
    <Filter Include="module">
      <UniqueIdentifier>{2eb03a86-b636-4d3a-bc5c-7fa702e231f8}</UniqueIdentifier>
    </Filter>
    <Filter Include="temp">
      <UniqueIdentifier>{f1978b47-9a55-480c-a99f-c30c9514909f}</UniqueIdentifier>
    </Filter>
    <Filter Include="len">
      <UniqueIdentifier>{4de809ee-bd6d-4ee0-81ef-52baf58c7256}</UniqueIdentifier>
    </Filter>
    <Filter Include="press">
      <UniqueIdentifier>{308e929f-2c97-4b50-ac17-049f1540d541}</UniqueIdentifier>
    </Filter>
    <Filter Include="time">
      <UniqueIdentifier>{4d048d6c-55a6-49f4-8c38-55b81652c60b}</UniqueIdentifier>
    </Filter>
    <Filter Include="vol">
      <UniqueIdentifier>{d87397c4-21c8-4f17-a15b-1564e9e7da2f}</UniqueIdentifier>
    </Filter>
    <Filter Include="a2d">
      <UniqueIdentifier>{4a94bcf2-9673-4ffe-936f-0a20aa1411eb}</UniqueIdentifier>
    </Filter>
    <Filter Include="rate">
      <UniqueIdentifier>{eedfb891-25cc-4f5d-8a8a-b5d572c40ddb}</UniqueIdentifier>
    </Filter>
    <Filter Include="rate\vol">
      <UniqueIdentifier>{5a5a3ead-f8db-414a-85b2-45d35ec3ad22}</UniqueIdentifier>
    </Filter>
  </ItemGroup>
  <ItemGroup>
    <ClInclude Include="port.h">
      <Filter>module</Filter>
    </ClInclude>
    <ClInclude Include="convert.h" />
    <ClInclude Include="prefix.h" />
    <ClInclude Include="puom.h" />
    <ClInclude Include="puom_tmplt.h" />
    <ClInclude Include="quantity.h" />
    <ClInclude Include="temp.h" />
    <ClInclude Include="temp\puom.h">
      <Filter>temp</Filter>
    </ClInclude>
    <ClInclude Include="temp\puom_def.h">
      <Filter>temp</Filter>
    </ClInclude>
    <ClInclude Include="temp\puomc.h">
      <Filter>temp</Filter>
    </ClInclude>
    <ClInclude Include="temp\quantity.h">
      <Filter>temp</Filter>
    </ClInclude>
    <ClInclude Include="temp\quantity_def.h">
      <Filter>temp</Filter>
    </ClInclude>
    <ClInclude Include="temp\temp_convert.h">
      <Filter>temp</Filter>
    </ClInclude>
    <ClInclude Include="temp\temp_convert_primitive.h">
      <Filter>temp</Filter>
    </ClInclude>
    <ClInclude Include="temp\puom_tmplt.h">
      <Filter>temp</Filter>
    </ClInclude>
    <ClInclude Include="puomc.h" />
    <ClInclude Include="temp\quantity_tmplt.h">
      <Filter>temp</Filter>
    </ClInclude>
    <ClInclude Include="quantity_tmplt.h" />
    <ClInclude Include="len\len_convert.h">
      <Filter>len</Filter>
    </ClInclude>
    <ClInclude Include="len\len_convert_primitive.h">
      <Filter>len</Filter>
    </ClInclude>
    <ClInclude Include="len\puom.h">
      <Filter>len</Filter>
    </ClInclude>
    <ClInclude Include="len\puom_def.h">
      <Filter>len</Filter>
    </ClInclude>
    <ClInclude Include="len\puom_tmplt.h">
      <Filter>len</Filter>
    </ClInclude>
    <ClInclude Include="len\puomc.h">
      <Filter>len</Filter>
    </ClInclude>
    <ClInclude Include="len\quantity.h">
      <Filter>len</Filter>
    </ClInclude>
    <ClInclude Include="len\quantity_def.h">
      <Filter>len</Filter>
    </ClInclude>
    <ClInclude Include="len\quantity_tmplt.h">
      <Filter>len</Filter>
    </ClInclude>
    <ClInclude Include="len.h" />
    <ClInclude Include="press.h" />
    <ClInclude Include="press\press_convert.h">
      <Filter>press</Filter>
    </ClInclude>
    <ClInclude Include="press\press_convert_primitive.h">
      <Filter>press</Filter>
    </ClInclude>
    <ClInclude Include="press\puom.h">
      <Filter>press</Filter>
    </ClInclude>
    <ClInclude Include="press\puom_def.h">
      <Filter>press</Filter>
    </ClInclude>
    <ClInclude Include="press\puom_tmplt.h">
      <Filter>press</Filter>
    </ClInclude>
    <ClInclude Include="press\puomc.h">
      <Filter>press</Filter>
    </ClInclude>
    <ClInclude Include="press\quantity.h">
      <Filter>press</Filter>
    </ClInclude>
    <ClInclude Include="press\quantity_def.h">
      <Filter>press</Filter>
    </ClInclude>
    <ClInclude Include="press\quantity_tmplt.h">
      <Filter>press</Filter>
    </ClInclude>
    <ClInclude Include="time.h" />
    <ClInclude Include="time\puom_def.h">
      <Filter>time</Filter>
    </ClInclude>
    <ClInclude Include="time\puom_tmplt.h">
      <Filter>time</Filter>
    </ClInclude>
    <ClInclude Include="time\puomc.h">
      <Filter>time</Filter>
    </ClInclude>
    <ClInclude Include="time\quantity.h">
      <Filter>time</Filter>
    </ClInclude>
    <ClInclude Include="time\quantity_def.h">
      <Filter>time</Filter>
    </ClInclude>
    <ClInclude Include="time\quantity_tmplt.h">
      <Filter>time</Filter>
    </ClInclude>
    <ClInclude Include="time\time_convert.h">
      <Filter>time</Filter>
    </ClInclude>
    <ClInclude Include="time\time_convert_primitive.h">
      <Filter>time</Filter>
    </ClInclude>
    <ClInclude Include="vol.h" />
    <ClInclude Include="vol\puom.h">
      <Filter>vol</Filter>
    </ClInclude>
    <ClInclude Include="vol\puom_def.h">
      <Filter>vol</Filter>
    </ClInclude>
    <ClInclude Include="vol\puomc.h">
      <Filter>vol</Filter>
    </ClInclude>
    <ClInclude Include="vol\quantity.h">
      <Filter>vol</Filter>
    </ClInclude>
    <ClInclude Include="vol\quantity_def.h">
      <Filter>vol</Filter>
    </ClInclude>
    <ClInclude Include="vol\vol_convert.h">
      <Filter>vol</Filter>
    </ClInclude>
    <ClInclude Include="vol\vol_convert_primitive.h">
      <Filter>vol</Filter>
    </ClInclude>
    <ClInclude Include="vol\puom_tmplt.h">
      <Filter>vol</Filter>
    </ClInclude>
    <ClInclude Include="vol\quantity_tmplt.h">
      <Filter>vol</Filter>
    </ClInclude>
    <ClInclude Include="prefix_category.h" />
    <ClInclude Include="prefix_values.h" />
    <ClInclude Include="a2d.h" />
    <ClInclude Include="a2d\a2d_convert.h">
      <Filter>a2d</Filter>
    </ClInclude>
    <ClInclude Include="a2d\a2d_convert_primitive.h">
      <Filter>a2d</Filter>
    </ClInclude>
    <ClInclude Include="a2d\puom.h">
      <Filter>a2d</Filter>
    </ClInclude>
    <ClInclude Include="a2d\puom_def.h">
      <Filter>a2d</Filter>
    </ClInclude>
    <ClInclude Include="a2d\puom_tmplt.h">
      <Filter>a2d</Filter>
    </ClInclude>
    <ClInclude Include="a2d\puomc.h">
      <Filter>a2d</Filter>
    </ClInclude>
    <ClInclude Include="a2d\quantity.h">
      <Filter>a2d</Filter>
    </ClInclude>
    <ClInclude Include="a2d\quantity_def.h">
      <Filter>a2d</Filter>
    </ClInclude>
    <ClInclude Include="a2d\quantity_tmplt.h">
      <Filter>a2d</Filter>
    </ClInclude>
    <ClInclude Include="puom_ratio.h" />
    <ClInclude Include="puom_ratioc.h" />
    <ClInclude Include="quantity_ratio.h" />
    <ClInclude Include="puom_ratio_tmplt.h" />
    <ClInclude Include="quantity_ratio_tmplt.h" />
    <ClInclude Include="rate\puom.h">
      <Filter>rate</Filter>
    </ClInclude>
    <ClInclude Include="rate\puom_tmplt.h">
      <Filter>rate</Filter>
    </ClInclude>
    <ClInclude Include="rate\puomc.h">
      <Filter>rate</Filter>
    </ClInclude>
    <ClInclude Include="rate\quantity.h">
      <Filter>rate</Filter>
    </ClInclude>
    <ClInclude Include="rate\quantity_tmplt.h">
      <Filter>rate</Filter>
    </ClInclude>
    <ClInclude Include="rate\vol\puom_def.h">
      <Filter>rate\vol</Filter>
    </ClInclude>
    <ClInclude Include="rate\vol\quantity_def.h">
      <Filter>rate\vol</Filter>
    </ClInclude>
  </ItemGroup>
  <ItemGroup>
    <ClCompile Include="temp\temp.cpp">
      <Filter>temp</Filter>
    </ClCompile>
    <ClCompile Include="prefix.cpp" />
    <ClCompile Include="temp\temp_convert.cpp">
      <Filter>temp</Filter>
    </ClCompile>
    <ClCompile Include="temp\temp_convert_primitive.cpp">
      <Filter>temp</Filter>
    </ClCompile>
    <ClCompile Include="len\len.cpp">
      <Filter>len</Filter>
    </ClCompile>
    <ClCompile Include="len\len_convert.cpp">
      <Filter>len</Filter>
    </ClCompile>
    <ClCompile Include="len\len_convert_primitive.cpp">
      <Filter>len</Filter>
    </ClCompile>
    <ClCompile Include="press\press.cpp">
      <Filter>press</Filter>
    </ClCompile>
    <ClCompile Include="press\press_convert.cpp">
      <Filter>press</Filter>
    </ClCompile>
    <ClCompile Include="press\press_convert_primitive.cpp">
      <Filter>press</Filter>
    </ClCompile>
    <ClCompile Include="time\time.cpp">
      <Filter>time</Filter>
    </ClCompile>
    <ClCompile Include="time\time_convert.cpp">
      <Filter>time</Filter>
    </ClCompile>
    <ClCompile Include="time\time_convert_primitive.cpp">
      <Filter>time</Filter>
    </ClCompile>
    <ClCompile Include="vol\vol.cpp">
      <Filter>vol</Filter>
    </ClCompile>
    <ClCompile Include="vol\vol_convert.cpp">
      <Filter>vol</Filter>
    </ClCompile>
    <ClCompile Include="vol\vol_convert_primitive.cpp">
      <Filter>vol</Filter>
    </ClCompile>
    <ClCompile Include="prefix_category.cpp" />
    <ClCompile Include="prefix_values.cpp" />
    <ClCompile Include="a2d\a2d.cpp">
      <Filter>a2d</Filter>
    </ClCompile>
    <ClCompile Include="a2d\a2d_convert.cpp">
      <Filter>a2d</Filter>
    </ClCompile>
    <ClCompile Include="a2d\a2d_convert_primitive.cpp">
      <Filter>a2d</Filter>
    </ClCompile>
  </ItemGroup>
</Project>