<?xml version="1.0" encoding="utf-8"?>
<Project ToolsVersion="4.0" xmlns="http://schemas.microsoft.com/developer/msbuild/2003">
  <ItemGroup>
    <Filter Include="module">
      <UniqueIdentifier>{2eb03a86-b636-4d3a-bc5c-7fa702e231f8}</UniqueIdentifier>
    </Filter>
    <Filter Include="temp">
      <UniqueIdentifier>{f1978b47-9a55-480c-a99f-c30c9514909f}</UniqueIdentifier>
    </Filter>
    <Filter Include="len">
      <UniqueIdentifier>{4de809ee-bd6d-4ee0-81ef-52baf58c7256}</UniqueIdentifier>
    </Filter>
    <Filter Include="press">
      <UniqueIdentifier>{308e929f-2c97-4b50-ac17-049f1540d541}</UniqueIdentifier>
    </Filter>
    <Filter Include="time">
      <UniqueIdentifier>{4d048d6c-55a6-49f4-8c38-55b81652c60b}</UniqueIdentifier>
    </Filter>
    <Filter Include="vol">
      <UniqueIdentifier>{d87397c4-21c8-4f17-a15b-1564e9e7da2f}</UniqueIdentifier>
    </Filter>
    <Filter Include="a2d">
      <UniqueIdentifier>{4a94bcf2-9673-4ffe-936f-0a20aa1411eb}</UniqueIdentifier>
    </Filter>
    <Filter Include="rate">
      <UniqueIdentifier>{eedfb891-25cc-4f5d-8a8a-b5d572c40ddb}</UniqueIdentifier>
    </Filter>
    <Filter Include="rate\vol">
      <UniqueIdentifier>{5a5a3ead-f8db-414a-85b2-45d35ec3ad22}</UniqueIdentifier>
    </Filter>
    <Filter Include="rate\speed">
      <UniqueIdentifier>{35527fd0-1000-4434-9632-df4e90771f7d}</UniqueIdentifier>
    </Filter>
    <Filter Include="ratio">
      <UniqueIdentifier>{a4b7f2df-25a9-49d7-9104-23f6f34c6932}</UniqueIdentifier>
    </Filter>
    <Filter Include="ratio\cnd_gas">
      <UniqueIdentifier>{cd9181a9-6c2b-4487-bedb-dac8bd000ce0}</UniqueIdentifier>
    </Filter>
    <Filter Include="ratio\gas_fld">
      <UniqueIdentifier>{15f0d6b5-b99e-46f7-bf00-84d46e774331}</UniqueIdentifier>
    </Filter>
    <Filter Include="ratio\gas_oil">
      <UniqueIdentifier>{366ff317-5d6d-4f0c-9abe-5e92d8b9e7ba}</UniqueIdentifier>
    </Filter>
    <Filter Include="ratio\wtr_gas">
      <UniqueIdentifier>{4f2183b6-0a4c-4d30-aff7-2a6f04453774}</UniqueIdentifier>
    </Filter>
    <Filter Include="ratio\wtr_oil">
      <UniqueIdentifier>{694a216f-7080-452f-8c6b-45e037bc55ff}</UniqueIdentifier>
    </Filter>
    <Filter Include="fvf">
      <UniqueIdentifier>{3f6052f7-cae5-4228-a8c1-b688e8e1d08e}</UniqueIdentifier>
    </Filter>
    <Filter Include="fvf\oil">
      <UniqueIdentifier>{7973e0c9-74f8-47a7-a813-ac5f8e7c5233}</UniqueIdentifier>
    </Filter>
    <Filter Include="fvf\gas">
      <UniqueIdentifier>{183c9731-b327-4d78-8b93-e7c5211fda9e}</UniqueIdentifier>
    </Filter>
  </ItemGroup>
  <ItemGroup>
    <ClInclude Include="port.h">
      <Filter>module</Filter>
    </ClInclude>
    <ClInclude Include="convert.h" />
    <ClInclude Include="prefix.h" />
    <ClInclude Include="puom.h" />
    <ClInclude Include="puom_tmplt.h" />
    <ClInclude Include="quantity.h" />
    <ClInclude Include="temp.h" />
    <ClInclude Include="temp\puom.h">
      <Filter>temp</Filter>
    </ClInclude>
    <ClInclude Include="temp\puom_def.h">
      <Filter>temp</Filter>
    </ClInclude>
    <ClInclude Include="temp\puomc.h">
      <Filter>temp</Filter>
    </ClInclude>
    <ClInclude Include="temp\quantity.h">
      <Filter>temp</Filter>
    </ClInclude>
    <ClInclude Include="temp\quantity_def.h">
      <Filter>temp</Filter>
    </ClInclude>
    <ClInclude Include="temp\temp_convert.h">
      <Filter>temp</Filter>
    </ClInclude>
    <ClInclude Include="temp\temp_convert_primitive.h">
      <Filter>temp</Filter>
    </ClInclude>
    <ClInclude Include="temp\puom_tmplt.h">
      <Filter>temp</Filter>
    </ClInclude>
    <ClInclude Include="puomc.h" />
    <ClInclude Include="temp\quantity_tmplt.h">
      <Filter>temp</Filter>
    </ClInclude>
    <ClInclude Include="quantity_tmplt.h" />
    <ClInclude Include="len\len_convert.h">
      <Filter>len</Filter>
    </ClInclude>
    <ClInclude Include="len\len_convert_primitive.h">
      <Filter>len</Filter>
    </ClInclude>
    <ClInclude Include="len\puom.h">
      <Filter>len</Filter>
    </ClInclude>
    <ClInclude Include="len\puom_def.h">
      <Filter>len</Filter>
    </ClInclude>
    <ClInclude Include="len\puom_tmplt.h">
      <Filter>len</Filter>
    </ClInclude>
    <ClInclude Include="len\puomc.h">
      <Filter>len</Filter>
    </ClInclude>
    <ClInclude Include="len\quantity.h">
      <Filter>len</Filter>
    </ClInclude>
    <ClInclude Include="len\quantity_def.h">
      <Filter>len</Filter>
    </ClInclude>
    <ClInclude Include="len\quantity_tmplt.h">
      <Filter>len</Filter>
    </ClInclude>
    <ClInclude Include="len.h" />
    <ClInclude Include="press.h" />
    <ClInclude Include="press\press_convert.h">
      <Filter>press</Filter>
    </ClInclude>
    <ClInclude Include="press\press_convert_primitive.h">
      <Filter>press</Filter>
    </ClInclude>
    <ClInclude Include="press\puom.h">
      <Filter>press</Filter>
    </ClInclude>
    <ClInclude Include="press\puom_def.h">
      <Filter>press</Filter>
    </ClInclude>
    <ClInclude Include="press\puom_tmplt.h">
      <Filter>press</Filter>
    </ClInclude>
    <ClInclude Include="press\puomc.h">
      <Filter>press</Filter>
    </ClInclude>
    <ClInclude Include="press\quantity.h">
      <Filter>press</Filter>
    </ClInclude>
    <ClInclude Include="press\quantity_def.h">
      <Filter>press</Filter>
    </ClInclude>
    <ClInclude Include="press\quantity_tmplt.h">
      <Filter>press</Filter>
    </ClInclude>
    <ClInclude Include="time.h" />
    <ClInclude Include="time\puom_def.h">
      <Filter>time</Filter>
    </ClInclude>
    <ClInclude Include="time\puom_tmplt.h">
      <Filter>time</Filter>
    </ClInclude>
    <ClInclude Include="time\puomc.h">
      <Filter>time</Filter>
    </ClInclude>
    <ClInclude Include="time\quantity.h">
      <Filter>time</Filter>
    </ClInclude>
    <ClInclude Include="time\quantity_def.h">
      <Filter>time</Filter>
    </ClInclude>
    <ClInclude Include="time\quantity_tmplt.h">
      <Filter>time</Filter>
    </ClInclude>
    <ClInclude Include="time\time_convert.h">
      <Filter>time</Filter>
    </ClInclude>
    <ClInclude Include="time\time_convert_primitive.h">
      <Filter>time</Filter>
    </ClInclude>
    <ClInclude Include="vol.h" />
    <ClInclude Include="vol\puom.h">
      <Filter>vol</Filter>
    </ClInclude>
    <ClInclude Include="vol\puom_def.h">
      <Filter>vol</Filter>
    </ClInclude>
    <ClInclude Include="vol\puomc.h">
      <Filter>vol</Filter>
    </ClInclude>
    <ClInclude Include="vol\quantity.h">
      <Filter>vol</Filter>
    </ClInclude>
    <ClInclude Include="vol\quantity_def.h">
      <Filter>vol</Filter>
    </ClInclude>
    <ClInclude Include="vol\vol_convert.h">
      <Filter>vol</Filter>
    </ClInclude>
    <ClInclude Include="vol\vol_convert_primitive.h">
      <Filter>vol</Filter>
    </ClInclude>
    <ClInclude Include="vol\puom_tmplt.h">
      <Filter>vol</Filter>
    </ClInclude>
    <ClInclude Include="vol\quantity_tmplt.h">
      <Filter>vol</Filter>
    </ClInclude>
    <ClInclude Include="prefix_category.h" />
    <ClInclude Include="prefix_values.h" />
    <ClInclude Include="a2d.h" />
    <ClInclude Include="a2d\a2d_convert.h">
      <Filter>a2d</Filter>
    </ClInclude>
    <ClInclude Include="a2d\a2d_convert_primitive.h">
      <Filter>a2d</Filter>
    </ClInclude>
    <ClInclude Include="a2d\puom.h">
      <Filter>a2d</Filter>
    </ClInclude>
    <ClInclude Include="a2d\puom_def.h">
      <Filter>a2d</Filter>
    </ClInclude>
    <ClInclude Include="a2d\puom_tmplt.h">
      <Filter>a2d</Filter>
    </ClInclude>
    <ClInclude Include="a2d\puomc.h">
      <Filter>a2d</Filter>
    </ClInclude>
    <ClInclude Include="a2d\quantity.h">
      <Filter>a2d</Filter>
    </ClInclude>
    <ClInclude Include="a2d\quantity_def.h">
      <Filter>a2d</Filter>
    </ClInclude>
    <ClInclude Include="a2d\quantity_tmplt.h">
      <Filter>a2d</Filter>
    </ClInclude>
    <ClInclude Include="puom_ratio.h" />
    <ClInclude Include="puom_ratioc.h" />
    <ClInclude Include="quantity_ratio.h" />
    <ClInclude Include="puom_ratio_tmplt.h" />
    <ClInclude Include="quantity_ratio_tmplt.h" />
    <ClInclude Include="rate\puom.h">
      <Filter>rate</Filter>
    </ClInclude>
    <ClInclude Include="rate\puom_tmplt.h">
      <Filter>rate</Filter>
    </ClInclude>
    <ClInclude Include="rate\puomc.h">
      <Filter>rate</Filter>
    </ClInclude>
    <ClInclude Include="rate\quantity.h">
      <Filter>rate</Filter>
    </ClInclude>
    <ClInclude Include="rate\quantity_tmplt.h">
      <Filter>rate</Filter>
    </ClInclude>
    <ClInclude Include="rate\vol\puom_def.h">
      <Filter>rate\vol</Filter>
    </ClInclude>
    <ClInclude Include="rate\vol\quantity_def.h">
      <Filter>rate\vol</Filter>
    </ClInclude>
    <ClInclude Include="rate\speed\puom_def.h">
      <Filter>rate\speed</Filter>
    </ClInclude>
    <ClInclude Include="rate\speed\quantity_def.h">
      <Filter>rate\speed</Filter>
    </ClInclude>
    <ClInclude Include="ratio\cnd_gas\puom.h">
      <Filter>ratio\cnd_gas</Filter>
    </ClInclude>
    <ClInclude Include="ratio\cnd_gas\puom_def.h">
      <Filter>ratio\cnd_gas</Filter>
    </ClInclude>
    <ClInclude Include="ratio\cnd_gas\puom_tmplt.h">
      <Filter>ratio\cnd_gas</Filter>
    </ClInclude>
    <ClInclude Include="ratio\cnd_gas\puomc.h">
      <Filter>ratio\cnd_gas</Filter>
    </ClInclude>
    <ClInclude Include="ratio\cnd_gas\quantity.h">
      <Filter>ratio\cnd_gas</Filter>
    </ClInclude>
    <ClInclude Include="ratio\cnd_gas\quantity_def.h">
      <Filter>ratio\cnd_gas</Filter>
    </ClInclude>
    <ClInclude Include="ratio\cnd_gas\quantity_tmplt.h">
      <Filter>ratio\cnd_gas</Filter>
    </ClInclude>
    <ClInclude Include="ratio\gas_fld\puom.h">
      <Filter>ratio\gas_fld</Filter>
    </ClInclude>
    <ClInclude Include="ratio\gas_fld\puom_def.h">
      <Filter>ratio\gas_fld</Filter>
    </ClInclude>
    <ClInclude Include="ratio\gas_fld\puom_tmplt.h">
      <Filter>ratio\gas_fld</Filter>
    </ClInclude>
    <ClInclude Include="ratio\gas_fld\puomc.h">
      <Filter>ratio\gas_fld</Filter>
    </ClInclude>
    <ClInclude Include="ratio\gas_fld\quantity.h">
      <Filter>ratio\gas_fld</Filter>
    </ClInclude>
    <ClInclude Include="ratio\gas_fld\quantity_def.h">
      <Filter>ratio\gas_fld</Filter>
    </ClInclude>
    <ClInclude Include="ratio\gas_fld\quantity_tmplt.h">
      <Filter>ratio\gas_fld</Filter>
    </ClInclude>
    <ClInclude Include="ratio\gas_oil\puom.h">
      <Filter>ratio\gas_oil</Filter>
    </ClInclude>
    <ClInclude Include="ratio\gas_oil\puom_def.h">
      <Filter>ratio\gas_oil</Filter>
    </ClInclude>
    <ClInclude Include="ratio\gas_oil\puom_tmplt.h">
      <Filter>ratio\gas_oil</Filter>
    </ClInclude>
    <ClInclude Include="ratio\gas_oil\puomc.h">
      <Filter>ratio\gas_oil</Filter>
    </ClInclude>
    <ClInclude Include="ratio\gas_oil\quantity.h">
      <Filter>ratio\gas_oil</Filter>
    </ClInclude>
    <ClInclude Include="ratio\gas_oil\quantity_def.h">
      <Filter>ratio\gas_oil</Filter>
    </ClInclude>
    <ClInclude Include="ratio\gas_oil\quantity_tmplt.h">
      <Filter>ratio\gas_oil</Filter>
    </ClInclude>
    <ClInclude Include="ratio\wtr_gas\puom.h">
      <Filter>ratio\wtr_gas</Filter>
    </ClInclude>
    <ClInclude Include="ratio\wtr_gas\puom_def.h">
      <Filter>ratio\wtr_gas</Filter>
    </ClInclude>
    <ClInclude Include="ratio\wtr_gas\puom_tmplt.h">
      <Filter>ratio\wtr_gas</Filter>
    </ClInclude>
    <ClInclude Include="ratio\wtr_gas\puomc.h">
      <Filter>ratio\wtr_gas</Filter>
    </ClInclude>
    <ClInclude Include="ratio\wtr_gas\quantity.h">
      <Filter>ratio\wtr_gas</Filter>
    </ClInclude>
    <ClInclude Include="ratio\wtr_gas\quantity_def.h">
      <Filter>ratio\wtr_gas</Filter>
    </ClInclude>
    <ClInclude Include="ratio\wtr_gas\quantity_tmplt.h">
      <Filter>ratio\wtr_gas</Filter>
    </ClInclude>
    <ClInclude Include="ratio\wtr_oil\puom.h">
      <Filter>ratio\wtr_oil</Filter>
    </ClInclude>
    <ClInclude Include="ratio\wtr_oil\puom_def.h">
      <Filter>ratio\wtr_oil</Filter>
    </ClInclude>
    <ClInclude Include="ratio\wtr_oil\puom_tmplt.h">
      <Filter>ratio\wtr_oil</Filter>
    </ClInclude>
    <ClInclude Include="ratio\wtr_oil\puomc.h">
      <Filter>ratio\wtr_oil</Filter>
    </ClInclude>
    <ClInclude Include="ratio\wtr_oil\quantity.h">
      <Filter>ratio\wtr_oil</Filter>
    </ClInclude>
    <ClInclude Include="ratio\wtr_oil\quantity_def.h">
      <Filter>ratio\wtr_oil</Filter>
    </ClInclude>
    <ClInclude Include="ratio\wtr_oil\quantity_tmplt.h">
      <Filter>ratio\wtr_oil</Filter>
    </ClInclude>
    <ClInclude Include="fvf\quantity_fvf.h">
      <Filter>fvf</Filter>
    </ClInclude>
    <ClInclude Include="fvf\gas\puom.h">
      <Filter>fvf\gas</Filter>
    </ClInclude>
    <ClInclude Include="fvf\gas\puom_def.h">
      <Filter>fvf\gas</Filter>
    </ClInclude>
    <ClInclude Include="fvf\gas\puom_tmplt.h">
      <Filter>fvf\gas</Filter>
    </ClInclude>
    <ClInclude Include="fvf\gas\puomc.h">
      <Filter>fvf\gas</Filter>
    </ClInclude>
    <ClInclude Include="fvf\gas\quantity.h">
      <Filter>fvf\gas</Filter>
    </ClInclude>
    <ClInclude Include="fvf\gas\quantity_def.h">
      <Filter>fvf\gas</Filter>
    </ClInclude>
    <ClInclude Include="fvf\gas\quantity_tmplt.h">
      <Filter>fvf\gas</Filter>
    </ClInclude>
    <ClInclude Include="fvf\oil\puom.h">
      <Filter>fvf\oil</Filter>
    </ClInclude>
    <ClInclude Include="fvf\oil\puom_def.h">
      <Filter>fvf\oil</Filter>
    </ClInclude>
    <ClInclude Include="fvf\oil\puom_tmplt.h">
      <Filter>fvf\oil</Filter>
    </ClInclude>
    <ClInclude Include="fvf\oil\puomc.h">
      <Filter>fvf\oil</Filter>
    </ClInclude>
    <ClInclude Include="fvf\oil\quantity.h">
      <Filter>fvf\oil</Filter>
    </ClInclude>
    <ClInclude Include="fvf\oil\quantity_def.h">
      <Filter>fvf\oil</Filter>
    </ClInclude>
    <ClInclude Include="fvf\oil\quantity_tmplt.h">
      <Filter>fvf\oil</Filter>
    </ClInclude>
  </ItemGroup>
  <ItemGroup>
    <ClCompile Include="temp\temp.cpp">
      <Filter>temp</Filter>
    </ClCompile>
    <ClCompile Include="prefix.cpp" />
    <ClCompile Include="temp\temp_convert.cpp">
      <Filter>temp</Filter>
    </ClCompile>
    <ClCompile Include="temp\temp_convert_primitive.cpp">
      <Filter>temp</Filter>
    </ClCompile>
    <ClCompile Include="len\len.cpp">
      <Filter>len</Filter>
    </ClCompile>
    <ClCompile Include="len\len_convert.cpp">
      <Filter>len</Filter>
    </ClCompile>
    <ClCompile Include="len\len_convert_primitive.cpp">
      <Filter>len</Filter>
    </ClCompile>
    <ClCompile Include="press\press.cpp">
      <Filter>press</Filter>
    </ClCompile>
    <ClCompile Include="press\press_convert.cpp">
      <Filter>press</Filter>
    </ClCompile>
    <ClCompile Include="press\press_convert_primitive.cpp">
      <Filter>press</Filter>
    </ClCompile>
    <ClCompile Include="time\time.cpp">
      <Filter>time</Filter>
    </ClCompile>
    <ClCompile Include="time\time_convert.cpp">
      <Filter>time</Filter>
    </ClCompile>
    <ClCompile Include="time\time_convert_primitive.cpp">
      <Filter>time</Filter>
    </ClCompile>
    <ClCompile Include="vol\vol.cpp">
      <Filter>vol</Filter>
    </ClCompile>
    <ClCompile Include="vol\vol_convert.cpp">
      <Filter>vol</Filter>
    </ClCompile>
    <ClCompile Include="vol\vol_convert_primitive.cpp">
      <Filter>vol</Filter>
    </ClCompile>
    <ClCompile Include="prefix_category.cpp" />
    <ClCompile Include="prefix_values.cpp" />
    <ClCompile Include="a2d\a2d.cpp">
      <Filter>a2d</Filter>
    </ClCompile>
    <ClCompile Include="a2d\a2d_convert.cpp">
      <Filter>a2d</Filter>
    </ClCompile>
    <ClCompile Include="a2d\a2d_convert_primitive.cpp">
      <Filter>a2d</Filter>
    </ClCompile>
  </ItemGroup>
</Project>