<?xml version="1.0" encoding="UTF-8" standalone="yes" ?>
<CodeBlocks_project_file>
	<FileVersion major="1" minor="6" />
	<Project>
		<Option title="utility" />
		<Option pch_mode="2" />
		<Option compiler="gcc" />
		<Build>
			<Target title="Debug">
				<Option output="bin/Debug/utility" prefix_auto="1" extension_auto="1" />
				<Option object_output="obj/Debug/" />
				<Option type="3" />
				<Option compiler="gcc" />
				<Option createDefFile="1" />
				<Option createStaticLib="1" />
				<Compiler>
					<Add option="-Wall" />
					<Add option="-g" />
					<Add option="-DBUILD_DLL" />
					<Add option="-DNHILL_UTILITY_EXPORT=1" />
				</Compiler>
				<Linker>
					<Add library="user32" />
				</Linker>
			</Target>
			<Target title="Release">
				<Option output="bin/Release/utility" prefix_auto="1" extension_auto="1" />
				<Option object_output="obj/Release/" />
				<Option type="3" />
				<Option compiler="gcc" />
				<Option createDefFile="1" />
				<Option createStaticLib="1" />
				<Compiler>
					<Add option="-O2" />
					<Add option="-Wall" />
					<Add option="-DBUILD_DLL" />
					<Add option="-DNHILL_UTILITY_EXPORT=1" />
				</Compiler>
				<Linker>
					<Add option="-s" />
					<Add library="user32" />
				</Linker>
			</Target>
		</Build>
		<Compiler>
			<Add directory="../../../other/GSL-master/include" />
		</Compiler>
		<Unit filename="buffer.cpp" />
		<Unit filename="buffer.h" />
		<Unit filename="buffer_helper.cpp" />
		<Unit filename="buffer_helper.h" />
		<Unit filename="color_helper.cpp" />
		<Unit filename="color_helper.h" />
		<Unit filename="event_args.cpp" />
		<Unit filename="event_args.h" />
		<Unit filename="ini.cpp" />
		<Unit filename="ini.h" />
		<Unit filename="main.cpp" />
		<Unit filename="main.h" />
		<Unit filename="port.h" />
		<Unit filename="str_query.cpp" />
		<Unit filename="str_query.h" />
		<Extensions>
			<code_completion />
			<envvars />
			<debugger />
		</Extensions>
	</Project>
</CodeBlocks_project_file>
