<?xml version="1.0" encoding="utf-8"?>
<Project ToolsVersion="4.0" xmlns="http://schemas.microsoft.com/developer/msbuild/2003">
  <ItemGroup>
    <Filter Include="module">
      <UniqueIdentifier>{bb92a8fe-9197-42d1-85aa-8641133d0de2}</UniqueIdentifier>
    </Filter>
    <Filter Include="dls">
      <UniqueIdentifier>{e6b53aee-2241-4b20-9254-95e28b269a68}</UniqueIdentifier>
    </Filter>
    <Filter Include="uwi">
      <UniqueIdentifier>{63dd994f-e1f0-40bf-8baa-cbf9f74c2d7e}</UniqueIdentifier>
    </Filter>
    <Filter Include="survey system">
      <UniqueIdentifier>{96b09cac-a6be-44ac-8963-7637acdfeb11}</UniqueIdentifier>
    </Filter>
  </ItemGroup>
  <ItemGroup>
    <ClInclude Include="port.h">
      <Filter>module</Filter>
    </ClInclude>
    <ClInclude Include="dls.h">
      <Filter>dls</Filter>
    </ClInclude>
    <ClInclude Include="location_exception.h">
      <Filter>dls</Filter>
    </ClInclude>
    <ClInclude Include="legal_subdivision.h">
      <Filter>dls</Filter>
    </ClInclude>
    <ClInclude Include="section.h">
      <Filter>dls</Filter>
    </ClInclude>
    <ClInclude Include="township.h">
      <Filter>dls</Filter>
    </ClInclude>
    <ClInclude Include="range.h">
      <Filter>dls</Filter>
    </ClInclude>
    <ClInclude Include="meridian.h">
      <Filter>dls</Filter>
    </ClInclude>
    <ClInclude Include="event_sequence.h">
      <Filter>dls</Filter>
    </ClInclude>
    <ClInclude Include="range_direction.h">
      <Filter>dls</Filter>
    </ClInclude>
    <ClInclude Include="uwi.h">
      <Filter>uwi</Filter>
    </ClInclude>
    <ClInclude Include="format.h">
      <Filter>uwi</Filter>
    </ClInclude>
    <ClInclude Include="list.h">
      <Filter>uwi</Filter>
    </ClInclude>
    <ClInclude Include="list_header.h">
      <Filter>uwi</Filter>
    </ClInclude>
    <ClInclude Include="range_direction_helper.h">
      <Filter>dls</Filter>
    </ClInclude>
  </ItemGroup>
  <ItemGroup>
    <ClCompile Include="dls.cpp">
      <Filter>dls</Filter>
    </ClCompile>
    <ClCompile Include="location_exception.cpp">
      <Filter>dls</Filter>
    </ClCompile>
    <ClCompile Include="legal_subdivision.cpp">
      <Filter>dls</Filter>
    </ClCompile>
    <ClCompile Include="section.cpp">
      <Filter>dls</Filter>
    </ClCompile>
    <ClCompile Include="township.cpp">
      <Filter>dls</Filter>
    </ClCompile>
    <ClCompile Include="range.cpp">
      <Filter>dls</Filter>
    </ClCompile>
    <ClCompile Include="meridian.cpp">
      <Filter>dls</Filter>
    </ClCompile>
    <ClCompile Include="event_sequence.cpp">
      <Filter>dls</Filter>
    </ClCompile>
    <ClCompile Include="uwi.cpp">
      <Filter>uwi</Filter>
    </ClCompile>
    <ClCompile Include="list.cpp">
      <Filter>uwi</Filter>
    </ClCompile>
    <ClCompile Include="list_header.cpp">
      <Filter>uwi</Filter>
    </ClCompile>
    <ClCompile Include="range_direction_helper.cpp">
      <Filter>dls</Filter>
    </ClCompile>
  </ItemGroup>
</Project>