<?xml version="1.0" encoding="UTF-8" standalone="yes" ?>
<CodeBlocks_project_file>
	<FileVersion major="1" minor="6" />
	<Project>
		<Option title="uwi" />
		<Option pch_mode="2" />
		<Option compiler="gcc" />
		<Build>
			<Target title="Debug">
				<Option output="bin/Debug/uwi" prefix_auto="1" extension_auto="1" />
				<Option object_output="obj/Debug/" />
				<Option type="3" />
				<Option compiler="gcc" />
				<Option createDefFile="1" />
				<Option createStaticLib="1" />
				<Compiler>
					<Add option="-Wall" />
					<Add option="-g" />
					<Add option="-DBUILD_DLL" />
				</Compiler>
				<Linker>
					<Add library="user32" />
					<Add directory="../utility/bin/Debug" />
					<Add directory="../version/bin/Debug" />
					<Add directory="../enum/bin/Debug" />
				</Linker>
			</Target>
			<Target title="Release">
				<Option output="bin/Release/uwi" prefix_auto="1" extension_auto="1" />
				<Option object_output="obj/Release/" />
				<Option type="3" />
				<Option compiler="gcc" />
				<Option createDefFile="1" />
				<Option createStaticLib="1" />
				<Compiler>
					<Add option="-O2" />
					<Add option="-Wall" />
					<Add option="-DBUILD_DLL" />
				</Compiler>
				<Linker>
					<Add option="-s" />
					<Add library="user32" />
					<Add directory="../utility/bin/Release" />
					<Add directory="../version/bin/Release" />
					<Add directory="../enum/bin/Release" />
				</Linker>
			</Target>
		</Build>
		<Compiler>
			<Add option="-DNHILL_UWI_EXPORT=1" />
			<Add directory="../../../other/GSL-master/include" />
		</Compiler>
		<Linker>
			<Add library="utility" />
			<Add library="version" />
			<Add library="enum" />
		</Linker>
		<Unit filename="dls.cpp" />
		<Unit filename="dls.h" />
		<Unit filename="event_sequence.cpp" />
		<Unit filename="event_sequence.h" />
		<Unit filename="format.h" />
		<Unit filename="legal_subdivision.cpp" />
		<Unit filename="legal_subdivision.h" />
		<Unit filename="list_header.cpp" />
		<Unit filename="list_header.h" />
		<Unit filename="location_exception.cpp" />
		<Unit filename="location_exception.h" />
		<Unit filename="main.cpp" />
		<Unit filename="main.h" />
		<Unit filename="meridian.cpp" />
		<Unit filename="meridian.h" />
		<Unit filename="port.h" />
		<Unit filename="range.cpp" />
		<Unit filename="range.h" />
		<Unit filename="range_direction.h" />
		<Unit filename="range_direction_helper.cpp" />
		<Unit filename="range_direction_helper.h" />
		<Unit filename="section.cpp" />
		<Unit filename="section.h" />
		<Unit filename="township.cpp" />
		<Unit filename="township.h" />
		<Unit filename="uwi.cpp" />
		<Unit filename="uwi.h" />
		<Extensions>
			<code_completion />
			<envvars />
			<debugger />
			<lib_finder disable_auto="1" />
		</Extensions>
	</Project>
</CodeBlocks_project_file>
